
Microsoft Visual Studio Solution File, Format Version 12.00
# Visual Studio 2012
Project("{2150E333-8FDC-42A3-9474-1A3956D46DE8}") = ".nuget", ".nuget", "{AE6EC462-4F97-4A51-AE8E-A543DA6B3E5A}"
	ProjectSection(SolutionItems) = preProject
		.nuget\NuGet.Config = .nuget\NuGet.Config
		.nuget\NuGet.exe = .nuget\NuGet.exe
		.nuget\NuGet.targets = .nuget\NuGet.targets
	EndProjectSection
EndProject
Project("{FAE04EC0-301F-11D3-BF4B-00C04F79EFBC}") = "Shame.Web", "Shame.Web\Shame.Web.csproj", "{DD037F47-2F0E-40EB-8A52-ABF587C437F2}"
EndProject
Project("{FAE04EC0-301F-11D3-BF4B-00C04F79EFBC}") = "Shame.Web.Tests", "Shame.Web.Tests\Shame.Web.Tests.csproj", "{9C261BE5-EEF0-4CA8-8DB7-4D537FAF01BB}"
EndProject
Project("{FAE04EC0-301F-11D3-BF4B-00C04F79EFBC}") = "Shame.ShamefulLogic", "Shame.ShamefulLogic\Shame.ShamefulLogic.csproj", "{DE7A71CF-D2A4-4A3B-AD5D-BD76BE87D1A5}"
EndProject
Project("{FAE04EC0-301F-11D3-BF4B-00C04F79EFBC}") = "Shame.ShamefulLogic.Tests", "Shame.ShamefulLogic.Tests\Shame.ShamefulLogic.Tests.csproj", "{5900015A-4AE3-4C96-9FAD-B58164D82319}"
EndProject
Global
	GlobalSection(SolutionConfigurationPlatforms) = preSolution
		Debug|Any CPU = Debug|Any CPU
		Release|Any CPU = Release|Any CPU
	EndGlobalSection
	GlobalSection(ProjectConfigurationPlatforms) = postSolution
		{DD037F47-2F0E-40EB-8A52-ABF587C437F2}.Debug|Any CPU.ActiveCfg = Debug|Any CPU
		{DD037F47-2F0E-40EB-8A52-ABF587C437F2}.Debug|Any CPU.Build.0 = Debug|Any CPU
		{DD037F47-2F0E-40EB-8A52-ABF587C437F2}.Release|Any CPU.ActiveCfg = Release|Any CPU
		{DD037F47-2F0E-40EB-8A52-ABF587C437F2}.Release|Any CPU.Build.0 = Release|Any CPU
		{9C261BE5-EEF0-4CA8-8DB7-4D537FAF01BB}.Debug|Any CPU.ActiveCfg = Debug|Any CPU
		{9C261BE5-EEF0-4CA8-8DB7-4D537FAF01BB}.Debug|Any CPU.Build.0 = Debug|Any CPU
		{9C261BE5-EEF0-4CA8-8DB7-4D537FAF01BB}.Release|Any CPU.ActiveCfg = Release|Any CPU
		{9C261BE5-EEF0-4CA8-8DB7-4D537FAF01BB}.Release|Any CPU.Build.0 = Release|Any CPU
		{DE7A71CF-D2A4-4A3B-AD5D-BD76BE87D1A5}.Debug|Any CPU.ActiveCfg = Debug|Any CPU
		{DE7A71CF-D2A4-4A3B-AD5D-BD76BE87D1A5}.Debug|Any CPU.Build.0 = Debug|Any CPU
		{DE7A71CF-D2A4-4A3B-AD5D-BD76BE87D1A5}.Release|Any CPU.ActiveCfg = Release|Any CPU
		{DE7A71CF-D2A4-4A3B-AD5D-BD76BE87D1A5}.Release|Any CPU.Build.0 = Release|Any CPU
		{5900015A-4AE3-4C96-9FAD-B58164D82319}.Debug|Any CPU.ActiveCfg = Debug|Any CPU
		{5900015A-4AE3-4C96-9FAD-B58164D82319}.Debug|Any CPU.Build.0 = Debug|Any CPU
		{5900015A-4AE3-4C96-9FAD-B58164D82319}.Release|Any CPU.ActiveCfg = Release|Any CPU
		{5900015A-4AE3-4C96-9FAD-B58164D82319}.Release|Any CPU.Build.0 = Release|Any CPU
	EndGlobalSection
	GlobalSection(SolutionProperties) = preSolution
		HideSolutionNode = FALSE
	EndGlobalSection
EndGlobal
